// !$*UTF8*$!
{
	archiveVersion = 1;
	classes = {
	};
	objectVersion = 46;
	objects = {

/* Begin PBXBuildFile section */
		03CB4A351B08B1FC00EAD23E /* main.m in Sources */ = {isa = PBXBuildFile; fileRef = 03CB4A341B08B1FC00EAD23E /* main.m */; };
		03CB4A381B08B1FC00EAD23E /* AppDelegate.m in Sources */ = {isa = PBXBuildFile; fileRef = 03CB4A371B08B1FC00EAD23E /* AppDelegate.m */; };
		03CB4A3B1B08B1FC00EAD23E /* ViewController.m in Sources */ = {isa = PBXBuildFile; fileRef = 03CB4A3A1B08B1FC00EAD23E /* ViewController.m */; };
		03CB4A3E1B08B1FC00EAD23E /* Main.storyboard in Resources */ = {isa = PBXBuildFile; fileRef = 03CB4A3C1B08B1FC00EAD23E /* Main.storyboard */; };
		03CB4A401B08B1FC00EAD23E /* Images.xcassets in Resources */ = {isa = PBXBuildFile; fileRef = 03CB4A3F1B08B1FC00EAD23E /* Images.xcassets */; };
		03CB4A431B08B1FC00EAD23E /* LaunchScreen.xib in Resources */ = {isa = PBXBuildFile; fileRef = 03CB4A411B08B1FC00EAD23E /* LaunchScreen.xib */; };
		03CB4A4F1B08B1FC00EAD23E /* Map_TesterTests.m in Sources */ = {isa = PBXBuildFile; fileRef = 03CB4A4E1B08B1FC00EAD23E /* Map_TesterTests.m */; };
/* End PBXBuildFile section */

/* Begin PBXContainerItemProxy section */
		03CB4A491B08B1FC00EAD23E /* PBXContainerItemProxy */ = {
			isa = PBXContainerItemProxy;
			containerPortal = 03CB4A271B08B1FC00EAD23E /* Project object */;
			proxyType = 1;
			remoteGlobalIDString = 03CB4A2E1B08B1FC00EAD23E;
			remoteInfo = "Map Tester";
		};
/* End PBXContainerItemProxy section */

/* Begin PBXFileReference section */
		03CB4A2F1B08B1FC00EAD23E /* Map Tester.app */ = {isa = PBXFileReference; explicitFileType = wrapper.application; includeInIndex = 0; path = "Map Tester.app"; sourceTree = BUILT_PRODUCTS_DIR; };
		03CB4A331B08B1FC00EAD23E /* Info.plist */ = {isa = PBXFileReference; lastKnownFileType = text.plist.xml; path = Info.plist; sourceTree = "<group>"; };
		03CB4A341B08B1FC00EAD23E /* main.m */ = {isa = PBXFileReference; lastKnownFileType = sourcecode.c.objc; path = main.m; sourceTree = "<group>"; };
		03CB4A361B08B1FC00EAD23E /* AppDelegate.h */ = {isa = PBXFileReference; lastKnownFileType = sourcecode.c.h; path = AppDelegate.h; sourceTree = "<group>"; };
		03CB4A371B08B1FC00EAD23E /* AppDelegate.m */ = {isa = PBXFileReference; lastKnownFileType = sourcecode.c.objc; path = AppDelegate.m; sourceTree = "<group>"; };
		03CB4A391B08B1FC00EAD23E /* ViewController.h */ = {isa = PBXFileReference; lastKnownFileType = sourcecode.c.h; path = ViewController.h; sourceTree = "<group>"; };
		03CB4A3A1B08B1FC00EAD23E /* ViewController.m */ = {isa = PBXFileReference; lastKnownFileType = sourcecode.c.objc; path = ViewController.m; sourceTree = "<group>"; };
		03CB4A3D1B08B1FC00EAD23E /* Base */ = {isa = PBXFileReference; lastKnownFileType = file.storyboard; name = Base; path = Base.lproj/Main.storyboard; sourceTree = "<group>"; };
		03CB4A3F1B08B1FC00EAD23E /* Images.xcassets */ = {isa = PBXFileReference; lastKnownFileType = folder.assetcatalog; path = Images.xcassets; sourceTree = "<group>"; };
		03CB4A421B08B1FC00EAD23E /* Base */ = {isa = PBXFileReference; lastKnownFileType = file.xib; name = Base; path = Base.lproj/LaunchScreen.xib; sourceTree = "<group>"; };
		03CB4A481B08B1FC00EAD23E /* Map TesterTests.xctest */ = {isa = PBXFileReference; explicitFileType = wrapper.cfbundle; includeInIndex = 0; path = "Map TesterTests.xctest"; sourceTree = BUILT_PRODUCTS_DIR; };
		03CB4A4D1B08B1FC00EAD23E /* Info.plist */ = {isa = PBXFileReference; lastKnownFileType = text.plist.xml; path = Info.plist; sourceTree = "<group>"; };
		03CB4A4E1B08B1FC00EAD23E /* Map_TesterTests.m */ = {isa = PBXFileReference; lastKnownFileType = sourcecode.c.objc; path = Map_TesterTests.m; sourceTree = "<group>"; };
/* End PBXFileReference section */

/* Begin PBXFrameworksBuildPhase section */
		03CB4A2C1B08B1FC00EAD23E /* Frameworks */ = {
			isa = PBXFrameworksBuildPhase;
			buildActionMask = 2147483647;
			files = (
			);
			runOnlyForDeploymentPostprocessing = 0;
		};
		03CB4A451B08B1FC00EAD23E /* Frameworks */ = {
			isa = PBXFrameworksBuildPhase;
			buildActionMask = 2147483647;
			files = (
			);
			runOnlyForDeploymentPostprocessing = 0;
		};
/* End PBXFrameworksBuildPhase section */

/* Begin PBXGroup section */
		03CB4A261B08B1FC00EAD23E = {
			isa = PBXGroup;
			children = (
				03CB4A311B08B1FC00EAD23E /* Map Tester */,
				03CB4A4B1B08B1FC00EAD23E /* Map TesterTests */,
				03CB4A301B08B1FC00EAD23E /* Products */,
			);
			sourceTree = "<group>";
		};
		03CB4A301B08B1FC00EAD23E /* Products */ = {
			isa = PBXGroup;
			children = (
				03CB4A2F1B08B1FC00EAD23E /* Map Tester.app */,
				03CB4A481B08B1FC00EAD23E /* Map TesterTests.xctest */,
			);
			name = Products;
			sourceTree = "<group>";
		};
		03CB4A311B08B1FC00EAD23E /* Map Tester */ = {
			isa = PBXGroup;
			children = (
				03CB4A361B08B1FC00EAD23E /* AppDelegate.h */,
				03CB4A371B08B1FC00EAD23E /* AppDelegate.m */,
				03CB4A391B08B1FC00EAD23E /* ViewController.h */,
				03CB4A3A1B08B1FC00EAD23E /* ViewController.m */,
				03CB4A3C1B08B1FC00EAD23E /* Main.storyboard */,
				03CB4A3F1B08B1FC00EAD23E /* Images.xcassets */,
				03CB4A411B08B1FC00EAD23E /* LaunchScreen.xib */,
				03CB4A321B08B1FC00EAD23E /* Supporting Files */,
			);
			path = "Map Tester";
			sourceTree = "<group>";
		};
		03CB4A321B08B1FC00EAD23E /* Supporting Files */ = {
			isa = PBXGroup;
			children = (
				03CB4A331B08B1FC00EAD23E /* Info.plist */,
				03CB4A341B08B1FC00EAD23E /* main.m */,
			);
			name = "Supporting Files";
			sourceTree = "<group>";
		};
		03CB4A4B1B08B1FC00EAD23E /* Map TesterTests */ = {
			isa = PBXGroup;
			children = (
				03CB4A4E1B08B1FC00EAD23E /* Map_TesterTests.m */,
				03CB4A4C1B08B1FC00EAD23E /* Supporting Files */,
			);
			path = "Map TesterTests";
			sourceTree = "<group>";
		};
		03CB4A4C1B08B1FC00EAD23E /* Supporting Files */ = {
			isa = PBXGroup;
			children = (
				03CB4A4D1B08B1FC00EAD23E /* Info.plist */,
			);
			name = "Supporting Files";
			sourceTree = "<group>";
		};
/* End PBXGroup section */

/* Begin PBXNativeTarget section */
		03CB4A2E1B08B1FC00EAD23E /* Map Tester */ = {
			isa = PBXNativeTarget;
			buildConfigurationList = 03CB4A521B08B1FC00EAD23E /* Build configuration list for PBXNativeTarget "Map Tester" */;
			buildPhases = (
				03CB4A2B1B08B1FC00EAD23E /* Sources */,
				03CB4A2C1B08B1FC00EAD23E /* Frameworks */,
				03CB4A2D1B08B1FC00EAD23E /* Resources */,
			);
			buildRules = (
			);
			dependencies = (
			);
			name = "Map Tester";
			productName = "Map Tester";
			productReference = 03CB4A2F1B08B1FC00EAD23E /* Map Tester.app */;
			productType = "com.apple.product-type.application";
		};
		03CB4A471B08B1FC00EAD23E /* Map TesterTests */ = {
			isa = PBXNativeTarget;
			buildConfigurationList = 03CB4A551B08B1FC00EAD23E /* Build configuration list for PBXNativeTarget "Map TesterTests" */;
			buildPhases = (
				03CB4A441B08B1FC00EAD23E /* Sources */,
				03CB4A451B08B1FC00EAD23E /* Frameworks */,
				03CB4A461B08B1FC00EAD23E /* Resources */,
			);
			buildRules = (
			);
			dependencies = (
				03CB4A4A1B08B1FC00EAD23E /* PBXTargetDependency */,
			);
			name = "Map TesterTests";
			productName = "Map TesterTests";
			productReference = 03CB4A481B08B1FC00EAD23E /* Map TesterTests.xctest */;
			productType = "com.apple.product-type.bundle.unit-test";
		};
/* End PBXNativeTarget section */

/* Begin PBXProject section */
		03CB4A271B08B1FC00EAD23E /* Project object */ = {
			isa = PBXProject;
			attributes = {
				LastUpgradeCheck = 0630;
				ORGANIZATIONNAME = "Biscuit Labs, LLC";
				TargetAttributes = {
					03CB4A2E1B08B1FC00EAD23E = {
						CreatedOnToolsVersion = 6.3.1;
					};
					03CB4A471B08B1FC00EAD23E = {
						CreatedOnToolsVersion = 6.3.1;
						TestTargetID = 03CB4A2E1B08B1FC00EAD23E;
					};
				};
			};
			buildConfigurationList = 03CB4A2A1B08B1FC00EAD23E /* Build configuration list for PBXProject "Map Tester" */;
			compatibilityVersion = "Xcode 3.2";
			developmentRegion = English;
			hasScannedForEncodings = 0;
			knownRegions = (
				en,
				Base,
			);
			mainGroup = 03CB4A261B08B1FC00EAD23E;
			productRefGroup = 03CB4A301B08B1FC00EAD23E /* Products */;
			projectDirPath = "";
			projectRoot = "";
			targets = (
				03CB4A2E1B08B1FC00EAD23E /* Map Tester */,
				03CB4A471B08B1FC00EAD23E /* Map TesterTests */,
			);
		};
/* End PBXProject section */

/* Begin PBXResourcesBuildPhase section */
		03CB4A2D1B08B1FC00EAD23E /* Resources */ = {
			isa = PBXResourcesBuildPhase;
			buildActionMask = 2147483647;
			files = (
				03CB4A3E1B08B1FC00EAD23E /* Main.storyboard in Resources */,
				03CB4A431B08B1FC00EAD23E /* LaunchScreen.xib in Resources */,
				03CB4A401B08B1FC00EAD23E /* Images.xcassets in Resources */,
			);
			runOnlyForDeploymentPostprocessing = 0;
		};
		03CB4A461B08B1FC00EAD23E /* Resources */ = {
			isa = PBXResourcesBuildPhase;
			buildActionMask = 2147483647;
			files = (
			);
			runOnlyForDeploymentPostprocessing = 0;
		};
/* End PBXResourcesBuildPhase section */

/* Begin PBXSourcesBuildPhase section */
		03CB4A2B1B08B1FC00EAD23E /* Sources */ = {
			isa = PBXSourcesBuildPhase;
			buildActionMask = 2147483647;
			files = (
				03CB4A3B1B08B1FC00EAD23E /* ViewController.m in Sources */,
				03CB4A381B08B1FC00EAD23E /* AppDelegate.m in Sources */,
				03CB4A351B08B1FC00EAD23E /* main.m in Sources */,
			);
			runOnlyForDeploymentPostprocessing = 0;
		};
		03CB4A441B08B1FC00EAD23E /* Sources */ = {
			isa = PBXSourcesBuildPhase;
			buildActionMask = 2147483647;
			files = (
				03CB4A4F1B08B1FC00EAD23E /* Map_TesterTests.m in Sources */,
			);
			runOnlyForDeploymentPostprocessing = 0;
		};
/* End PBXSourcesBuildPhase section */

/* Begin PBXTargetDependency section */
		03CB4A4A1B08B1FC00EAD23E /* PBXTargetDependency */ = {
			isa = PBXTargetDependency;
			target = 03CB4A2E1B08B1FC00EAD23E /* Map Tester */;
			targetProxy = 03CB4A491B08B1FC00EAD23E /* PBXContainerItemProxy */;
		};
/* End PBXTargetDependency section */

/* Begin PBXVariantGroup section */
		03CB4A3C1B08B1FC00EAD23E /* Main.storyboard */ = {
			isa = PBXVariantGroup;
			children = (
				03CB4A3D1B08B1FC00EAD23E /* Base */,
			);
			name = Main.storyboard;
			sourceTree = "<group>";
		};
		03CB4A411B08B1FC00EAD23E /* LaunchScreen.xib */ = {
			isa = PBXVariantGroup;
			children = (
				03CB4A421B08B1FC00EAD23E /* Base */,
			);
			name = LaunchScreen.xib;
			sourceTree = "<group>";
		};
/* End PBXVariantGroup section */

/* Begin XCBuildConfiguration section */
		03CB4A501B08B1FC00EAD23E /* Debug */ = {
			isa = XCBuildConfiguration;
			buildSettings = {
				ALWAYS_SEARCH_USER_PATHS = NO;
				CLANG_CXX_LANGUAGE_STANDARD = "gnu++0x";
				CLANG_CXX_LIBRARY = "libc++";
				CLANG_ENABLE_MODULES = YES;
				CLANG_ENABLE_OBJC_ARC = YES;
				CLANG_WARN_BOOL_CONVERSION = YES;
				CLANG_WARN_CONSTANT_CONVERSION = YES;
				CLANG_WARN_DIRECT_OBJC_ISA_USAGE = YES_ERROR;
				CLANG_WARN_EMPTY_BODY = YES;
				CLANG_WARN_ENUM_CONVERSION = YES;
				CLANG_WARN_INT_CONVERSION = YES;
				CLANG_WARN_OBJC_ROOT_CLASS = YES_ERROR;
				CLANG_WARN_UNREACHABLE_CODE = YES;
				CLANG_WARN__DUPLICATE_METHOD_MATCH = YES;
				"CODE_SIGN_IDENTITY[sdk=iphoneos*]" = "iPhone Developer";
				COPY_PHASE_STRIP = NO;
				DEBUG_INFORMATION_FORMAT = "dwarf-with-dsym";
				ENABLE_STRICT_OBJC_MSGSEND = YES;
				GCC_C_LANGUAGE_STANDARD = gnu99;
				GCC_DYNAMIC_NO_PIC = NO;
				GCC_NO_COMMON_BLOCKS = YES;
				GCC_OPTIMIZATION_LEVEL = 0;
				GCC_PREPROCESSOR_DEFINITIONS = (
					"DEBUG=1",
					"$(inherited)",
				);
				GCC_SYMBOLS_PRIVATE_EXTERN = NO;
				GCC_WARN_64_TO_32_BIT_CONVERSION = YES;
				GCC_WARN_ABOUT_RETURN_TYPE = YES_ERROR;
				GCC_WARN_UNDECLARED_SELECTOR = YES;
				GCC_WARN_UNINITIALIZED_AUTOS = YES_AGGRESSIVE;
				GCC_WARN_UNUSED_FUNCTION = YES;
				GCC_WARN_UNUSED_VARIABLE = YES;
				IPHONEOS_DEPLOYMENT_TARGET = 8.3;
				MTL_ENABLE_DEBUG_INFO = YES;
				ONLY_ACTIVE_ARCH = YES;
				SDKROOT = iphoneos;
				TARGETED_DEVICE_FAMILY = "1,2";
			};
			name = Debug;
		};
		03CB4A511B08B1FC00EAD23E /* Release */ = {
			isa = XCBuildConfiguration;
			buildSettings = {
				ALWAYS_SEARCH_USER_PATHS = NO;
				CLANG_CXX_LANGUAGE_STANDARD = "gnu++0x";
				CLANG_CXX_LIBRARY = "libc++";
				CLANG_ENABLE_MODULES = YES;
				CLANG_ENABLE_OBJC_ARC = YES;
				CLANG_WARN_BOOL_CONVERSION = YES;
				CLANG_WARN_CONSTANT_CONVERSION = YES;
				CLANG_WARN_DIRECT_OBJC_ISA_USAGE = YES_ERROR;
				CLANG_WARN_EMPTY_BODY = YES;
				CLANG_WARN_ENUM_CONVERSION = YES;
				CLANG_WARN_INT_CONVERSION = YES;
				CLANG_WARN_OBJC_ROOT_CLASS = YES_ERROR;
				CLANG_WARN_UNREACHABLE_CODE = YES;
				CLANG_WARN__DUPLICATE_METHOD_MATCH = YES;
				"CODE_SIGN_IDENTITY[sdk=iphoneos*]" = "iPhone Developer";
				COPY_PHASE_STRIP = NO;
				DEBUG_INFORMATION_FORMAT = "dwarf-with-dsym";
				ENABLE_NS_ASSERTIONS = NO;
				ENABLE_STRICT_OBJC_MSGSEND = YES;
				GCC_C_LANGUAGE_STANDARD = gnu99;
				GCC_NO_COMMON_BLOCKS = YES;
				GCC_WARN_64_TO_32_BIT_CONVERSION = YES;
				GCC_WARN_ABOUT_RETURN_TYPE = YES_ERROR;
				GCC_WARN_UNDECLARED_SELECTOR = YES;
				GCC_WARN_UNINITIALIZED_AUTOS = YES_AGGRESSIVE;
				GCC_WARN_UNUSED_FUNCTION = YES;
				GCC_WARN_UNUSED_VARIABLE = YES;
				IPHONEOS_DEPLOYMENT_TARGET = 8.3;
				MTL_ENABLE_DEBUG_INFO = NO;
				SDKROOT = iphoneos;
				TARGETED_DEVICE_FAMILY = "1,2";
				VALIDATE_PRODUCT = YES;
			};
			name = Release;
		};
		03CB4A531B08B1FC00EAD23E /* Debug */ = {
			isa = XCBuildConfiguration;
			buildSettings = {
				ASSETCATALOG_COMPILER_APPICON_NAME = AppIcon;
				INFOPLIST_FILE = "Map Tester/Info.plist";
				LD_RUNPATH_SEARCH_PATHS = "$(inherited) @executable_path/Frameworks";
				PRODUCT_NAME = "$(TARGET_NAME)";
			};
			name = Debug;
		};
		03CB4A541B08B1FC00EAD23E /* Release */ = {
			isa = XCBuildConfiguration;
			buildSettings = {
				ASSETCATALOG_COMPILER_APPICON_NAME = AppIcon;
				INFOPLIST_FILE = "Map Tester/Info.plist";
				LD_RUNPATH_SEARCH_PATHS = "$(inherited) @executable_path/Frameworks";
				PRODUCT_NAME = "$(TARGET_NAME)";
			};
			name = Release;
		};
		03CB4A561B08B1FC00EAD23E /* Debug */ = {
			isa = XCBuildConfiguration;
			buildSettings = {
				BUNDLE_LOADER = "$(TEST_HOST)";
				FRAMEWORK_SEARCH_PATHS = (
					"$(SDKROOT)/Developer/Library/Frameworks",
					"$(inherited)",
				);
				GCC_PREPROCESSOR_DEFINITIONS = (
					"DEBUG=1",
					"$(inherited)",
				);
				INFOPLIST_FILE = "Map TesterTests/Info.plist";
				LD_RUNPATH_SEARCH_PATHS = "$(inherited) @executable_path/Frameworks @loader_path/Frameworks";
				PRODUCT_NAME = "$(TARGET_NAME)";
				TEST_HOST = "$(BUILT_PRODUCTS_DIR)/Map Tester.app/Map Tester";
			};
			name = Debug;
		};
		03CB4A571B08B1FC00EAD23E /* Release */ = {
			isa = XCBuildConfiguration;
			buildSettings = {
				BUNDLE_LOADER = "$(TEST_HOST)";
				FRAMEWORK_SEARCH_PATHS = (
					"$(SDKROOT)/Developer/Library/Frameworks",
					"$(inherited)",
				);
				INFOPLIST_FILE = "Map TesterTests/Info.plist";
				LD_RUNPATH_SEARCH_PATHS = "$(inherited) @executable_path/Frameworks @loader_path/Frameworks";
				PRODUCT_NAME = "$(TARGET_NAME)";
				TEST_HOST = "$(BUILT_PRODUCTS_DIR)/Map Tester.app/Map Tester";
			};
			name = Release;
		};
/* End XCBuildConfiguration section */

/* Begin XCConfigurationList section */
		03CB4A2A1B08B1FC00EAD23E /* Build configuration list for PBXProject "Map Tester" */ = {
			isa = XCConfigurationList;
			buildConfigurations = (
				03CB4A501B08B1FC00EAD23E /* Debug */,
				03CB4A511B08B1FC00EAD23E /* Release */,
			);
			defaultConfigurationIsVisible = 0;
			defaultConfigurationName = Release;
		};
		03CB4A521B08B1FC00EAD23E /* Build configuration list for PBXNativeTarget "Map Tester" */ = {
			isa = XCConfigurationList;
			buildConfigurations = (
				03CB4A531B08B1FC00EAD23E /* Debug */,
				03CB4A541B08B1FC00EAD23E /* Release */,
			);
			defaultConfigurationIsVisible = 0;
		};
		03CB4A551B08B1FC00EAD23E /* Build configuration list for PBXNativeTarget "Map TesterTests" */ = {
			isa = XCConfigurationList;
			buildConfigurations = (
				03CB4A561B08B1FC00EAD23E /* Debug */,
				03CB4A571B08B1FC00EAD23E /* Release */,
			);
			defaultConfigurationIsVisible = 0;
		};
/* End XCConfigurationList section */
	};
	rootObject = 03CB4A271B08B1FC00EAD23E /* Project object */;
}
